
Microsoft Visual Studio Solution File, Format Version 12.00
# Visual Studio 15
VisualStudioVersion = 15.0.27428.2015
MinimumVisualStudioVersion = 10.0.40219.1
Project("{FAE04EC0-301F-11D3-BF4B-00C04F79EFBC}") = "CoFiAppV1", "CoFiAppV1\CoFiAppV1.csproj", "{205D7FD2-D87E-4190-B9BC-B6CBC1A86B79}"
EndProject
Project("{FAE04EC0-301F-11D3-BF4B-00C04F79EFBC}") = "Metier", "Metier\Metier.csproj", "{DCAB952B-2374-41EA-82DB-CF94D66A2760}"
EndProject
Project("{FAE04EC0-301F-11D3-BF4B-00C04F79EFBC}") = "StubDataManager", "StubDataManager\StubDataManager.csproj", "{0B3BB385-9D7A-4A7D-9C7C-DACA3DA86201}"
EndProject
Project("{FAE04EC0-301F-11D3-BF4B-00C04F79EFBC}") = "DataContractManager", "DataContractManager\DataContractManager.csproj", "{5C77A2FC-AB01-4821-B51E-0DB5C3215E08}"
EndProject
Project("{FAE04EC0-301F-11D3-BF4B-00C04F79EFBC}") = "TestFilm", "TestFilm\TestFilm.csproj", "{8C4E7F6D-ACA1-405D-AD7B-D42B96E375DD}"
EndProject
Global
	GlobalSection(SolutionConfigurationPlatforms) = preSolution
		Debug|Any CPU = Debug|Any CPU
		Release|Any CPU = Release|Any CPU
	EndGlobalSection
	GlobalSection(ProjectConfigurationPlatforms) = postSolution
		{205D7FD2-D87E-4190-B9BC-B6CBC1A86B79}.Debug|Any CPU.ActiveCfg = Debug|Any CPU
		{205D7FD2-D87E-4190-B9BC-B6CBC1A86B79}.Debug|Any CPU.Build.0 = Debug|Any CPU
		{205D7FD2-D87E-4190-B9BC-B6CBC1A86B79}.Release|Any CPU.ActiveCfg = Release|Any CPU
		{205D7FD2-D87E-4190-B9BC-B6CBC1A86B79}.Release|Any CPU.Build.0 = Release|Any CPU
		{DCAB952B-2374-41EA-82DB-CF94D66A2760}.Debug|Any CPU.ActiveCfg = Debug|Any CPU
		{DCAB952B-2374-41EA-82DB-CF94D66A2760}.Debug|Any CPU.Build.0 = Debug|Any CPU
		{DCAB952B-2374-41EA-82DB-CF94D66A2760}.Release|Any CPU.ActiveCfg = Release|Any CPU
		{DCAB952B-2374-41EA-82DB-CF94D66A2760}.Release|Any CPU.Build.0 = Release|Any CPU
		{0B3BB385-9D7A-4A7D-9C7C-DACA3DA86201}.Debug|Any CPU.ActiveCfg = Debug|Any CPU
		{0B3BB385-9D7A-4A7D-9C7C-DACA3DA86201}.Debug|Any CPU.Build.0 = Debug|Any CPU
		{0B3BB385-9D7A-4A7D-9C7C-DACA3DA86201}.Release|Any CPU.ActiveCfg = Release|Any CPU
		{0B3BB385-9D7A-4A7D-9C7C-DACA3DA86201}.Release|Any CPU.Build.0 = Release|Any CPU
		{5C77A2FC-AB01-4821-B51E-0DB5C3215E08}.Debug|Any CPU.ActiveCfg = Debug|Any CPU
		{5C77A2FC-AB01-4821-B51E-0DB5C3215E08}.Debug|Any CPU.Build.0 = Debug|Any CPU
		{5C77A2FC-AB01-4821-B51E-0DB5C3215E08}.Release|Any CPU.ActiveCfg = Release|Any CPU
		{5C77A2FC-AB01-4821-B51E-0DB5C3215E08}.Release|Any CPU.Build.0 = Release|Any CPU
		{8C4E7F6D-ACA1-405D-AD7B-D42B96E375DD}.Debug|Any CPU.ActiveCfg = Debug|Any CPU
		{8C4E7F6D-ACA1-405D-AD7B-D42B96E375DD}.Debug|Any CPU.Build.0 = Debug|Any CPU
		{8C4E7F6D-ACA1-405D-AD7B-D42B96E375DD}.Release|Any CPU.ActiveCfg = Release|Any CPU
		{8C4E7F6D-ACA1-405D-AD7B-D42B96E375DD}.Release|Any CPU.Build.0 = Release|Any CPU
	EndGlobalSection
	GlobalSection(SolutionProperties) = preSolution
		HideSolutionNode = FALSE
	EndGlobalSection
	GlobalSection(ExtensibilityGlobals) = postSolution
		SolutionGuid = {9F604263-DD19-490C-A6E7-F57F06B9FFBA}
	EndGlobalSection
EndGlobal
